// !$*UTF8*$!
{
	archiveVersion = 1;
	classes = {
	};
	objectVersion = 50;
	objects = {

/* Begin PBXBuildFile section */
		AB23F0032609C1A2000AE6CB /* AppDelegate.swift in Sources */ = {isa = PBXBuildFile; fileRef = AB23F0022609C1A2000AE6CB /* AppDelegate.swift */; };
		AB23F0052609C1A2000AE6CB /* SceneDelegate.swift in Sources */ = {isa = PBXBuildFile; fileRef = AB23F0042609C1A2000AE6CB /* SceneDelegate.swift */; };
		AB23F0072609C1A2000AE6CB /* QiitaViewController.swift in Sources */ = {isa = PBXBuildFile; fileRef = AB23F0062609C1A2000AE6CB /* QiitaViewController.swift */; };
		AB23F00A2609C1A2000AE6CB /* Main.storyboard in Resources */ = {isa = PBXBuildFile; fileRef = AB23F0082609C1A2000AE6CB /* Main.storyboard */; };
		AB23F00C2609C1A6000AE6CB /* Assets.xcassets in Resources */ = {isa = PBXBuildFile; fileRef = AB23F00B2609C1A6000AE6CB /* Assets.xcassets */; };
		AB23F00F2609C1A6000AE6CB /* LaunchScreen.storyboard in Resources */ = {isa = PBXBuildFile; fileRef = AB23F00D2609C1A6000AE6CB /* LaunchScreen.storyboard */; };
		AB23F01C2609C332000AE6CB /* Qiita.swift in Sources */ = {isa = PBXBuildFile; fileRef = AB23F01B2609C332000AE6CB /* Qiita.swift */; };
		AB23F0332609CBA5000AE6CB /* QiitaTableViewCell.swift in Sources */ = {isa = PBXBuildFile; fileRef = AB23F0312609CBA5000AE6CB /* QiitaTableViewCell.swift */; };
		AB23F0342609CBA5000AE6CB /* QiitaTableViewCell.xib in Resources */ = {isa = PBXBuildFile; fileRef = AB23F0322609CBA5000AE6CB /* QiitaTableViewCell.xib */; };
		AB23F03B2609CC9A000AE6CB /* QiitaAPI.swift in Sources */ = {isa = PBXBuildFile; fileRef = AB23F03A2609CC9A000AE6CB /* QiitaAPI.swift */; };
/* End PBXBuildFile section */

/* Begin PBXFileReference section */
		AB23EFFF2609C1A2000AE6CB /* QiitaAPI.app */ = {isa = PBXFileReference; explicitFileType = wrapper.application; includeInIndex = 0; path = QiitaAPI.app; sourceTree = BUILT_PRODUCTS_DIR; };
		AB23F0022609C1A2000AE6CB /* AppDelegate.swift */ = {isa = PBXFileReference; lastKnownFileType = sourcecode.swift; path = AppDelegate.swift; sourceTree = "<group>"; };
		AB23F0042609C1A2000AE6CB /* SceneDelegate.swift */ = {isa = PBXFileReference; lastKnownFileType = sourcecode.swift; path = SceneDelegate.swift; sourceTree = "<group>"; };
		AB23F0062609C1A2000AE6CB /* QiitaViewController.swift */ = {isa = PBXFileReference; lastKnownFileType = sourcecode.swift; path = QiitaViewController.swift; sourceTree = "<group>"; };
		AB23F0092609C1A2000AE6CB /* Base */ = {isa = PBXFileReference; lastKnownFileType = file.storyboard; name = Base; path = Base.lproj/Main.storyboard; sourceTree = "<group>"; };
		AB23F00B2609C1A6000AE6CB /* Assets.xcassets */ = {isa = PBXFileReference; lastKnownFileType = folder.assetcatalog; path = Assets.xcassets; sourceTree = "<group>"; };
		AB23F00E2609C1A6000AE6CB /* Base */ = {isa = PBXFileReference; lastKnownFileType = file.storyboard; name = Base; path = Base.lproj/LaunchScreen.storyboard; sourceTree = "<group>"; };
		AB23F0102609C1A6000AE6CB /* Info.plist */ = {isa = PBXFileReference; lastKnownFileType = text.plist.xml; path = Info.plist; sourceTree = "<group>"; };
		AB23F01B2609C332000AE6CB /* Qiita.swift */ = {isa = PBXFileReference; lastKnownFileType = sourcecode.swift; path = Qiita.swift; sourceTree = "<group>"; };
		AB23F0312609CBA5000AE6CB /* QiitaTableViewCell.swift */ = {isa = PBXFileReference; lastKnownFileType = sourcecode.swift; path = QiitaTableViewCell.swift; sourceTree = "<group>"; };
		AB23F0322609CBA5000AE6CB /* QiitaTableViewCell.xib */ = {isa = PBXFileReference; lastKnownFileType = file.xib; path = QiitaTableViewCell.xib; sourceTree = "<group>"; };
		AB23F03A2609CC9A000AE6CB /* QiitaAPI.swift */ = {isa = PBXFileReference; lastKnownFileType = sourcecode.swift; path = QiitaAPI.swift; sourceTree = "<group>"; };
/* End PBXFileReference section */

/* Begin PBXFrameworksBuildPhase section */
		AB23EFFC2609C1A2000AE6CB /* Frameworks */ = {
			isa = PBXFrameworksBuildPhase;
			buildActionMask = 2147483647;
			files = (
			);
			runOnlyForDeploymentPostprocessing = 0;
		};
/* End PBXFrameworksBuildPhase section */

/* Begin PBXGroup section */
		AB23EFF62609C1A2000AE6CB = {
			isa = PBXGroup;
			children = (
				AB23F0012609C1A2000AE6CB /* QiitaAPI */,
				AB23F0002609C1A2000AE6CB /* Products */,
			);
			sourceTree = "<group>";
		};
		AB23F0002609C1A2000AE6CB /* Products */ = {
			isa = PBXGroup;
			children = (
				AB23EFFF2609C1A2000AE6CB /* QiitaAPI.app */,
			);
			name = Products;
			sourceTree = "<group>";
		};
		AB23F0012609C1A2000AE6CB /* QiitaAPI */ = {
			isa = PBXGroup;
			children = (
				AB23F0392609CC89000AE6CB /* API */,
				AB23F0192609C248000AE6CB /* Model */,
				AB23F0182609C245000AE6CB /* View */,
				AB23F0172609C23E000AE6CB /* Controller */,
				AB23F0022609C1A2000AE6CB /* AppDelegate.swift */,
				AB23F0042609C1A2000AE6CB /* SceneDelegate.swift */,
				AB23F0082609C1A2000AE6CB /* Main.storyboard */,
				AB23F00B2609C1A6000AE6CB /* Assets.xcassets */,
				AB23F00D2609C1A6000AE6CB /* LaunchScreen.storyboard */,
				AB23F0102609C1A6000AE6CB /* Info.plist */,
			);
			path = QiitaAPI;
			sourceTree = "<group>";
		};
		AB23F0172609C23E000AE6CB /* Controller */ = {
			isa = PBXGroup;
			children = (
				AB23F0062609C1A2000AE6CB /* QiitaViewController.swift */,
			);
			path = Controller;
			sourceTree = "<group>";
		};
		AB23F0182609C245000AE6CB /* View */ = {
			isa = PBXGroup;
			children = (
				AB23F0312609CBA5000AE6CB /* QiitaTableViewCell.swift */,
				AB23F0322609CBA5000AE6CB /* QiitaTableViewCell.xib */,
			);
			path = View;
			sourceTree = "<group>";
		};
		AB23F0192609C248000AE6CB /* Model */ = {
			isa = PBXGroup;
			children = (
				AB23F01B2609C332000AE6CB /* Qiita.swift */,
			);
			path = Model;
			sourceTree = "<group>";
		};
		AB23F0392609CC89000AE6CB /* API */ = {
			isa = PBXGroup;
			children = (
				AB23F03A2609CC9A000AE6CB /* QiitaAPI.swift */,
			);
			path = API;
			sourceTree = "<group>";
		};
/* End PBXGroup section */

/* Begin PBXNativeTarget section */
		AB23EFFE2609C1A2000AE6CB /* QiitaAPI */ = {
			isa = PBXNativeTarget;
			buildConfigurationList = AB23F0132609C1A6000AE6CB /* Build configuration list for PBXNativeTarget "QiitaAPI" */;
			buildPhases = (
				AB23EFFB2609C1A2000AE6CB /* Sources */,
				AB23EFFC2609C1A2000AE6CB /* Frameworks */,
				AB23EFFD2609C1A2000AE6CB /* Resources */,
			);
			buildRules = (
			);
			dependencies = (
			);
			name = QiitaAPI;
			productName = QiitaAPI;
			productReference = AB23EFFF2609C1A2000AE6CB /* QiitaAPI.app */;
			productType = "com.apple.product-type.application";
		};
/* End PBXNativeTarget section */

/* Begin PBXProject section */
		AB23EFF72609C1A2000AE6CB /* Project object */ = {
			isa = PBXProject;
			attributes = {
				LastSwiftUpdateCheck = 1240;
				LastUpgradeCheck = 1240;
				TargetAttributes = {
					AB23EFFE2609C1A2000AE6CB = {
						CreatedOnToolsVersion = 12.4;
					};
				};
			};
			buildConfigurationList = AB23EFFA2609C1A2000AE6CB /* Build configuration list for PBXProject "QiitaAPI" */;
			compatibilityVersion = "Xcode 9.3";
			developmentRegion = en;
			hasScannedForEncodings = 0;
			knownRegions = (
				en,
				Base,
			);
			mainGroup = AB23EFF62609C1A2000AE6CB;
			productRefGroup = AB23F0002609C1A2000AE6CB /* Products */;
			projectDirPath = "";
			projectRoot = "";
			targets = (
				AB23EFFE2609C1A2000AE6CB /* QiitaAPI */,
			);
		};
/* End PBXProject section */

/* Begin PBXResourcesBuildPhase section */
		AB23EFFD2609C1A2000AE6CB /* Resources */ = {
			isa = PBXResourcesBuildPhase;
			buildActionMask = 2147483647;
			files = (
				AB23F00F2609C1A6000AE6CB /* LaunchScreen.storyboard in Resources */,
				AB23F00C2609C1A6000AE6CB /* Assets.xcassets in Resources */,
				AB23F0342609CBA5000AE6CB /* QiitaTableViewCell.xib in Resources */,
				AB23F00A2609C1A2000AE6CB /* Main.storyboard in Resources */,
			);
			runOnlyForDeploymentPostprocessing = 0;
		};
/* End PBXResourcesBuildPhase section */

/* Begin PBXSourcesBuildPhase section */
		AB23EFFB2609C1A2000AE6CB /* Sources */ = {
			isa = PBXSourcesBuildPhase;
			buildActionMask = 2147483647;
			files = (
				AB23F0072609C1A2000AE6CB /* QiitaViewController.swift in Sources */,
				AB23F0332609CBA5000AE6CB /* QiitaTableViewCell.swift in Sources */,
				AB23F0032609C1A2000AE6CB /* AppDelegate.swift in Sources */,
				AB23F03B2609CC9A000AE6CB /* QiitaAPI.swift in Sources */,
				AB23F01C2609C332000AE6CB /* Qiita.swift in Sources */,
				AB23F0052609C1A2000AE6CB /* SceneDelegate.swift in Sources */,
			);
			runOnlyForDeploymentPostprocessing = 0;
		};
/* End PBXSourcesBuildPhase section */

/* Begin PBXVariantGroup section */
		AB23F0082609C1A2000AE6CB /* Main.storyboard */ = {
			isa = PBXVariantGroup;
			children = (
				AB23F0092609C1A2000AE6CB /* Base */,
			);
			name = Main.storyboard;
			sourceTree = "<group>";
		};
		AB23F00D2609C1A6000AE6CB /* LaunchScreen.storyboard */ = {
			isa = PBXVariantGroup;
			children = (
				AB23F00E2609C1A6000AE6CB /* Base */,
			);
			name = LaunchScreen.storyboard;
			sourceTree = "<group>";
		};
/* End PBXVariantGroup section */

/* Begin XCBuildConfiguration section */
		AB23F0112609C1A6000AE6CB /* Debug */ = {
			isa = XCBuildConfiguration;
			buildSettings = {
				ALWAYS_SEARCH_USER_PATHS = NO;
				CLANG_ANALYZER_NONNULL = YES;
				CLANG_ANALYZER_NUMBER_OBJECT_CONVERSION = YES_AGGRESSIVE;
				CLANG_CXX_LANGUAGE_STANDARD = "gnu++14";
				CLANG_CXX_LIBRARY = "libc++";
				CLANG_ENABLE_MODULES = YES;
				CLANG_ENABLE_OBJC_ARC = YES;
				CLANG_ENABLE_OBJC_WEAK = YES;
				CLANG_WARN_BLOCK_CAPTURE_AUTORELEASING = YES;
				CLANG_WARN_BOOL_CONVERSION = YES;
				CLANG_WARN_COMMA = YES;
				CLANG_WARN_CONSTANT_CONVERSION = YES;
				CLANG_WARN_DEPRECATED_OBJC_IMPLEMENTATIONS = YES;
				CLANG_WARN_DIRECT_OBJC_ISA_USAGE = YES_ERROR;
				CLANG_WARN_DOCUMENTATION_COMMENTS = YES;
				CLANG_WARN_EMPTY_BODY = YES;
				CLANG_WARN_ENUM_CONVERSION = YES;
				CLANG_WARN_INFINITE_RECURSION = YES;
				CLANG_WARN_INT_CONVERSION = YES;
				CLANG_WARN_NON_LITERAL_NULL_CONVERSION = YES;
				CLANG_WARN_OBJC_IMPLICIT_RETAIN_SELF = YES;
				CLANG_WARN_OBJC_LITERAL_CONVERSION = YES;
				CLANG_WARN_OBJC_ROOT_CLASS = YES_ERROR;
				CLANG_WARN_QUOTED_INCLUDE_IN_FRAMEWORK_HEADER = YES;
				CLANG_WARN_RANGE_LOOP_ANALYSIS = YES;
				CLANG_WARN_STRICT_PROTOTYPES = YES;
				CLANG_WARN_SUSPICIOUS_MOVE = YES;
				CLANG_WARN_UNGUARDED_AVAILABILITY = YES_AGGRESSIVE;
				CLANG_WARN_UNREACHABLE_CODE = YES;
				CLANG_WARN__DUPLICATE_METHOD_MATCH = YES;
				COPY_PHASE_STRIP = NO;
				DEBUG_INFORMATION_FORMAT = dwarf;
				ENABLE_STRICT_OBJC_MSGSEND = YES;
				ENABLE_TESTABILITY = YES;
				GCC_C_LANGUAGE_STANDARD = gnu11;
				GCC_DYNAMIC_NO_PIC = NO;
				GCC_NO_COMMON_BLOCKS = YES;
				GCC_OPTIMIZATION_LEVEL = 0;
				GCC_PREPROCESSOR_DEFINITIONS = (
					"DEBUG=1",
					"$(inherited)",
				);
				GCC_WARN_64_TO_32_BIT_CONVERSION = YES;
				GCC_WARN_ABOUT_RETURN_TYPE = YES_ERROR;
				GCC_WARN_UNDECLARED_SELECTOR = YES;
				GCC_WARN_UNINITIALIZED_AUTOS = YES_AGGRESSIVE;
				GCC_WARN_UNUSED_FUNCTION = YES;
				GCC_WARN_UNUSED_VARIABLE = YES;
				IPHONEOS_DEPLOYMENT_TARGET = 14.4;
				MTL_ENABLE_DEBUG_INFO = INCLUDE_SOURCE;
				MTL_FAST_MATH = YES;
				ONLY_ACTIVE_ARCH = YES;
				SDKROOT = iphoneos;
				SWIFT_ACTIVE_COMPILATION_CONDITIONS = DEBUG;
				SWIFT_OPTIMIZATION_LEVEL = "-Onone";
			};
			name = Debug;
		};
		AB23F0122609C1A6000AE6CB /* Release */ = {
			isa = XCBuildConfiguration;
			buildSettings = {
				ALWAYS_SEARCH_USER_PATHS = NO;
				CLANG_ANALYZER_NONNULL = YES;
				CLANG_ANALYZER_NUMBER_OBJECT_CONVERSION = YES_AGGRESSIVE;
				CLANG_CXX_LANGUAGE_STANDARD = "gnu++14";
				CLANG_CXX_LIBRARY = "libc++";
				CLANG_ENABLE_MODULES = YES;
				CLANG_ENABLE_OBJC_ARC = YES;
				CLANG_ENABLE_OBJC_WEAK = YES;
				CLANG_WARN_BLOCK_CAPTURE_AUTORELEASING = YES;
				CLANG_WARN_BOOL_CONVERSION = YES;
				CLANG_WARN_COMMA = YES;
				CLANG_WARN_CONSTANT_CONVERSION = YES;
				CLANG_WARN_DEPRECATED_OBJC_IMPLEMENTATIONS = YES;
				CLANG_WARN_DIRECT_OBJC_ISA_USAGE = YES_ERROR;
				CLANG_WARN_DOCUMENTATION_COMMENTS = YES;
				CLANG_WARN_EMPTY_BODY = YES;
				CLANG_WARN_ENUM_CONVERSION = YES;
				CLANG_WARN_INFINITE_RECURSION = YES;
				CLANG_WARN_INT_CONVERSION = YES;
				CLANG_WARN_NON_LITERAL_NULL_CONVERSION = YES;
				CLANG_WARN_OBJC_IMPLICIT_RETAIN_SELF = YES;
				CLANG_WARN_OBJC_LITERAL_CONVERSION = YES;
				CLANG_WARN_OBJC_ROOT_CLASS = YES_ERROR;
				CLANG_WARN_QUOTED_INCLUDE_IN_FRAMEWORK_HEADER = YES;
				CLANG_WARN_RANGE_LOOP_ANALYSIS = YES;
				CLANG_WARN_STRICT_PROTOTYPES = YES;
				CLANG_WARN_SUSPICIOUS_MOVE = YES;
				CLANG_WARN_UNGUARDED_AVAILABILITY = YES_AGGRESSIVE;
				CLANG_WARN_UNREACHABLE_CODE = YES;
				CLANG_WARN__DUPLICATE_METHOD_MATCH = YES;
				COPY_PHASE_STRIP = NO;
				DEBUG_INFORMATION_FORMAT = "dwarf-with-dsym";
				ENABLE_NS_ASSERTIONS = NO;
				ENABLE_STRICT_OBJC_MSGSEND = YES;
				GCC_C_LANGUAGE_STANDARD = gnu11;
				GCC_NO_COMMON_BLOCKS = YES;
				GCC_WARN_64_TO_32_BIT_CONVERSION = YES;
				GCC_WARN_ABOUT_RETURN_TYPE = YES_ERROR;
				GCC_WARN_UNDECLARED_SELECTOR = YES;
				GCC_WARN_UNINITIALIZED_AUTOS = YES_AGGRESSIVE;
				GCC_WARN_UNUSED_FUNCTION = YES;
				GCC_WARN_UNUSED_VARIABLE = YES;
				IPHONEOS_DEPLOYMENT_TARGET = 14.4;
				MTL_ENABLE_DEBUG_INFO = NO;
				MTL_FAST_MATH = YES;
				SDKROOT = iphoneos;
				SWIFT_COMPILATION_MODE = wholemodule;
				SWIFT_OPTIMIZATION_LEVEL = "-O";
				VALIDATE_PRODUCT = YES;
			};
			name = Release;
		};
		AB23F0142609C1A6000AE6CB /* Debug */ = {
			isa = XCBuildConfiguration;
			buildSettings = {
				ASSETCATALOG_COMPILER_APPICON_NAME = AppIcon;
				ASSETCATALOG_COMPILER_GLOBAL_ACCENT_COLOR_NAME = AccentColor;
				CODE_SIGN_STYLE = Automatic;
				DEVELOPMENT_TEAM = 242KS3V77L;
				INFOPLIST_FILE = QiitaAPI/Info.plist;
				LD_RUNPATH_SEARCH_PATHS = (
					"$(inherited)",
					"@executable_path/Frameworks",
				);
				PRODUCT_BUNDLE_IDENTIFIER = oonishireon.QiitaAPI;
				PRODUCT_NAME = "$(TARGET_NAME)";
				SWIFT_VERSION = 5.0;
				TARGETED_DEVICE_FAMILY = "1,2";
			};
			name = Debug;
		};
		AB23F0152609C1A6000AE6CB /* Release */ = {
			isa = XCBuildConfiguration;
			buildSettings = {
				ASSETCATALOG_COMPILER_APPICON_NAME = AppIcon;
				ASSETCATALOG_COMPILER_GLOBAL_ACCENT_COLOR_NAME = AccentColor;
				CODE_SIGN_STYLE = Automatic;
				DEVELOPMENT_TEAM = 242KS3V77L;
				INFOPLIST_FILE = QiitaAPI/Info.plist;
				LD_RUNPATH_SEARCH_PATHS = (
					"$(inherited)",
					"@executable_path/Frameworks",
				);
				PRODUCT_BUNDLE_IDENTIFIER = oonishireon.QiitaAPI;
				PRODUCT_NAME = "$(TARGET_NAME)";
				SWIFT_VERSION = 5.0;
				TARGETED_DEVICE_FAMILY = "1,2";
			};
			name = Release;
		};
/* End XCBuildConfiguration section */

/* Begin XCConfigurationList section */
		AB23EFFA2609C1A2000AE6CB /* Build configuration list for PBXProject "QiitaAPI" */ = {
			isa = XCConfigurationList;
			buildConfigurations = (
				AB23F0112609C1A6000AE6CB /* Debug */,
				AB23F0122609C1A6000AE6CB /* Release */,
			);
			defaultConfigurationIsVisible = 0;
			defaultConfigurationName = Release;
		};
		AB23F0132609C1A6000AE6CB /* Build configuration list for PBXNativeTarget "QiitaAPI" */ = {
			isa = XCConfigurationList;
			buildConfigurations = (
				AB23F0142609C1A6000AE6CB /* Debug */,
				AB23F0152609C1A6000AE6CB /* Release */,
			);
			defaultConfigurationIsVisible = 0;
			defaultConfigurationName = Release;
		};
/* End XCConfigurationList section */
	};
	rootObject = AB23EFF72609C1A2000AE6CB /* Project object */;
}
